
Microsoft Visual Studio Solution File, Format Version 12.00
# Visual Studio 15
VisualStudioVersion = 15.0.27004.2008
MinimumVisualStudioVersion = 10.0.40219.1
Project("{FAE04EC0-301F-11D3-BF4B-00C04F79EFBC}") = "SoapAndWebApiHostingInSameHost", "SoapAndWebApiHostingInSameHost\SoapAndWebApiHostingInSameHost.csproj", "{6F643DE0-00D4-4414-8088-65200F5D8229}"
EndProject
Global
	GlobalSection(SolutionConfigurationPlatforms) = preSolution
		Debug|Any CPU = Debug|Any CPU
		Release|Any CPU = Release|Any CPU
	EndGlobalSection
	GlobalSection(ProjectConfigurationPlatforms) = postSolution
		{6F643DE0-00D4-4414-8088-65200F5D8229}.Debug|Any CPU.ActiveCfg = Debug|Any CPU
		{6F643DE0-00D4-4414-8088-65200F5D8229}.Debug|Any CPU.Build.0 = Debug|Any CPU
		{6F643DE0-00D4-4414-8088-65200F5D8229}.Release|Any CPU.ActiveCfg = Release|Any CPU
		{6F643DE0-00D4-4414-8088-65200F5D8229}.Release|Any CPU.Build.0 = Release|Any CPU
	EndGlobalSection
	GlobalSection(SolutionProperties) = preSolution
		HideSolutionNode = FALSE
	EndGlobalSection
	GlobalSection(ExtensibilityGlobals) = postSolution
		SolutionGuid = {CC0EAF48-77B0-4F64-8C65-7BB2C2C65933}
	EndGlobalSection
EndGlobal
